
Microsoft Visual Studio Solution File, Format Version 12.00
# Visual Studio Version 17
VisualStudioVersion = 17.5.2.0
MinimumVisualStudioVersion = 10.0.40219.1
Project("{2150E333-8FDC-42A3-9474-1A3956D46DE8}") = "services", "services", "{5854FF58-B8C5-05C6-5BF2-ACE42193F22B}"
EndProject
Project("{FAE04EC0-301F-11D3-BF4B-00C04F79EFBC}") = "AuthService", "services\AuthService\AuthService.csproj", "{16FD9863-A745-7DF3-D0FD-B69A0BD39998}"
EndProject
Project("{FAE04EC0-301F-11D3-BF4B-00C04F79EFBC}") = "ProductService", "services\ProductService\ProductService.csproj", "{04565F01-F0DF-39FE-9876-502A5A6372DA}"
EndProject
Project("{FAE04EC0-301F-11D3-BF4B-00C04F79EFBC}") = "SaleService", "services\SaleService\SaleService.csproj", "{D6CF5A3D-40EC-4A52-9D18-BFC3F92B2DE7}"
EndProject
Project("{FAE04EC0-301F-11D3-BF4B-00C04F79EFBC}") = "SalesConsumer", "services\SalesConsumer\SalesConsumer.csproj", "{CB34D672-93F1-4677-905E-322D31450486}"
EndProject
Global
	GlobalSection(SolutionConfigurationPlatforms) = preSolution
		Debug|Any CPU = Debug|Any CPU
		Debug|x64 = Debug|x64
		Debug|x86 = Debug|x86
		Release|Any CPU = Release|Any CPU
		Release|x64 = Release|x64
		Release|x86 = Release|x86
	EndGlobalSection
	GlobalSection(ProjectConfigurationPlatforms) = postSolution
		{16FD9863-A745-7DF3-D0FD-B69A0BD39998}.Debug|Any CPU.ActiveCfg = Debug|Any CPU
		{16FD9863-A745-7DF3-D0FD-B69A0BD39998}.Debug|Any CPU.Build.0 = Debug|Any CPU
		{16FD9863-A745-7DF3-D0FD-B69A0BD39998}.Debug|x64.ActiveCfg = Debug|Any CPU
		{16FD9863-A745-7DF3-D0FD-B69A0BD39998}.Debug|x64.Build.0 = Debug|Any CPU
		{16FD9863-A745-7DF3-D0FD-B69A0BD39998}.Debug|x86.ActiveCfg = Debug|Any CPU
		{16FD9863-A745-7DF3-D0FD-B69A0BD39998}.Debug|x86.Build.0 = Debug|Any CPU
		{16FD9863-A745-7DF3-D0FD-B69A0BD39998}.Release|Any CPU.ActiveCfg = Release|Any CPU
		{16FD9863-A745-7DF3-D0FD-B69A0BD39998}.Release|Any CPU.Build.0 = Release|Any CPU
		{16FD9863-A745-7DF3-D0FD-B69A0BD39998}.Release|x64.ActiveCfg = Release|Any CPU
		{16FD9863-A745-7DF3-D0FD-B69A0BD39998}.Release|x64.Build.0 = Release|Any CPU
		{16FD9863-A745-7DF3-D0FD-B69A0BD39998}.Release|x86.ActiveCfg = Release|Any CPU
		{16FD9863-A745-7DF3-D0FD-B69A0BD39998}.Release|x86.Build.0 = Release|Any CPU
		{04565F01-F0DF-39FE-9876-502A5A6372DA}.Debug|Any CPU.ActiveCfg = Debug|Any CPU
		{04565F01-F0DF-39FE-9876-502A5A6372DA}.Debug|Any CPU.Build.0 = Debug|Any CPU
		{04565F01-F0DF-39FE-9876-502A5A6372DA}.Debug|x64.ActiveCfg = Debug|Any CPU
		{04565F01-F0DF-39FE-9876-502A5A6372DA}.Debug|x64.Build.0 = Debug|Any CPU
		{04565F01-F0DF-39FE-9876-502A5A6372DA}.Debug|x86.ActiveCfg = Debug|Any CPU
		{04565F01-F0DF-39FE-9876-502A5A6372DA}.Debug|x86.Build.0 = Debug|Any CPU
		{04565F01-F0DF-39FE-9876-502A5A6372DA}.Release|Any CPU.ActiveCfg = Release|Any CPU
		{04565F01-F0DF-39FE-9876-502A5A6372DA}.Release|Any CPU.Build.0 = Release|Any CPU
		{04565F01-F0DF-39FE-9876-502A5A6372DA}.Release|x64.ActiveCfg = Release|Any CPU
		{04565F01-F0DF-39FE-9876-502A5A6372DA}.Release|x64.Build.0 = Release|Any CPU
		{04565F01-F0DF-39FE-9876-502A5A6372DA}.Release|x86.ActiveCfg = Release|Any CPU
		{04565F01-F0DF-39FE-9876-502A5A6372DA}.Release|x86.Build.0 = Release|Any CPU
		{D6CF5A3D-40EC-4A52-9D18-BFC3F92B2DE7}.Debug|Any CPU.ActiveCfg = Debug|Any CPU
		{D6CF5A3D-40EC-4A52-9D18-BFC3F92B2DE7}.Debug|Any CPU.Build.0 = Debug|Any CPU
		{D6CF5A3D-40EC-4A52-9D18-BFC3F92B2DE7}.Debug|x64.ActiveCfg = Debug|Any CPU
		{D6CF5A3D-40EC-4A52-9D18-BFC3F92B2DE7}.Debug|x64.Build.0 = Debug|Any CPU
		{D6CF5A3D-40EC-4A52-9D18-BFC3F92B2DE7}.Debug|x86.ActiveCfg = Debug|Any CPU
		{D6CF5A3D-40EC-4A52-9D18-BFC3F92B2DE7}.Debug|x86.Build.0 = Debug|Any CPU
		{D6CF5A3D-40EC-4A52-9D18-BFC3F92B2DE7}.Release|Any CPU.ActiveCfg = Release|Any CPU
		{D6CF5A3D-40EC-4A52-9D18-BFC3F92B2DE7}.Release|Any CPU.Build.0 = Release|Any CPU
		{D6CF5A3D-40EC-4A52-9D18-BFC3F92B2DE7}.Release|x64.ActiveCfg = Release|Any CPU
		{D6CF5A3D-40EC-4A52-9D18-BFC3F92B2DE7}.Release|x64.Build.0 = Release|Any CPU
		{D6CF5A3D-40EC-4A52-9D18-BFC3F92B2DE7}.Release|x86.ActiveCfg = Release|Any CPU
		{D6CF5A3D-40EC-4A52-9D18-BFC3F92B2DE7}.Release|x86.Build.0 = Release|Any CPU
		{CB34D672-93F1-4677-905E-322D31450486}.Debug|Any CPU.ActiveCfg = Debug|Any CPU
		{CB34D672-93F1-4677-905E-322D31450486}.Debug|Any CPU.Build.0 = Debug|Any CPU
		{CB34D672-93F1-4677-905E-322D31450486}.Debug|x64.ActiveCfg = Debug|Any CPU
		{CB34D672-93F1-4677-905E-322D31450486}.Debug|x64.Build.0 = Debug|Any CPU
		{CB34D672-93F1-4677-905E-322D31450486}.Debug|x86.ActiveCfg = Debug|Any CPU
		{CB34D672-93F1-4677-905E-322D31450486}.Debug|x86.Build.0 = Debug|Any CPU
		{CB34D672-93F1-4677-905E-322D31450486}.Release|Any CPU.ActiveCfg = Release|Any CPU
		{CB34D672-93F1-4677-905E-322D31450486}.Release|Any CPU.Build.0 = Release|Any CPU
		{CB34D672-93F1-4677-905E-322D31450486}.Release|x64.ActiveCfg = Release|Any CPU
		{CB34D672-93F1-4677-905E-322D31450486}.Release|x64.Build.0 = Release|Any CPU
		{CB34D672-93F1-4677-905E-322D31450486}.Release|x86.ActiveCfg = Release|Any CPU
		{CB34D672-93F1-4677-905E-322D31450486}.Release|x86.Build.0 = Release|Any CPU
	EndGlobalSection
	GlobalSection(SolutionProperties) = preSolution
		HideSolutionNode = FALSE
	EndGlobalSection
	GlobalSection(NestedProjects) = preSolution
		{16FD9863-A745-7DF3-D0FD-B69A0BD39998} = {5854FF58-B8C5-05C6-5BF2-ACE42193F22B}
		{04565F01-F0DF-39FE-9876-502A5A6372DA} = {5854FF58-B8C5-05C6-5BF2-ACE42193F22B}
		{D6CF5A3D-40EC-4A52-9D18-BFC3F92B2DE7} = {5854FF58-B8C5-05C6-5BF2-ACE42193F22B}
		{CB34D672-93F1-4677-905E-322D31450486} = {5854FF58-B8C5-05C6-5BF2-ACE42193F22B}
	EndGlobalSection
	GlobalSection(ExtensibilityGlobals) = postSolution
		SolutionGuid = {382764BB-DE50-4132-A7B7-770096B046D4}
	EndGlobalSection
EndGlobal
